
Microsoft Visual Studio Solution File, Format Version 12.00
# Visual Studio 15
VisualStudioVersion = 15.0.27428.2015
MinimumVisualStudioVersion = 10.0.40219.1
Project("{9A19103F-16F7-4668-BE54-9A1E7A4F7556}") = "RobsWebsiteV2", "RobsWebsiteV2\RobsWebsiteV2.csproj", "{846DF3FB-8DE6-42FA-B55C-9CE2666E2735}"
EndProject
Project("{FAE04EC0-301F-11D3-BF4B-00C04F79EFBC}") = "OpticianMathLibrary", "..\OpticianMathLibrary\OpticianMathLibrary\OpticianMathLibrary.csproj", "{FCFBB6CD-C493-44F6-81C6-DF74378DA528}"
EndProject
Project("{FAE04EC0-301F-11D3-BF4B-00C04F79EFBC}") = "ReflectStuff", "ReflectStuff\ReflectStuff.csproj", "{EC98CE82-27EC-457E-8BEC-0E2BF82F6B15}"
EndProject
Global
	GlobalSection(SolutionConfigurationPlatforms) = preSolution
		Debug|Any CPU = Debug|Any CPU
		Release|Any CPU = Release|Any CPU
	EndGlobalSection
	GlobalSection(ProjectConfigurationPlatforms) = postSolution
		{846DF3FB-8DE6-42FA-B55C-9CE2666E2735}.Debug|Any CPU.ActiveCfg = Debug|Any CPU
		{846DF3FB-8DE6-42FA-B55C-9CE2666E2735}.Debug|Any CPU.Build.0 = Debug|Any CPU
		{846DF3FB-8DE6-42FA-B55C-9CE2666E2735}.Release|Any CPU.ActiveCfg = Release|Any CPU
		{846DF3FB-8DE6-42FA-B55C-9CE2666E2735}.Release|Any CPU.Build.0 = Release|Any CPU
		{FCFBB6CD-C493-44F6-81C6-DF74378DA528}.Debug|Any CPU.ActiveCfg = Debug|Any CPU
		{FCFBB6CD-C493-44F6-81C6-DF74378DA528}.Debug|Any CPU.Build.0 = Debug|Any CPU
		{FCFBB6CD-C493-44F6-81C6-DF74378DA528}.Release|Any CPU.ActiveCfg = Release|Any CPU
		{FCFBB6CD-C493-44F6-81C6-DF74378DA528}.Release|Any CPU.Build.0 = Release|Any CPU
		{EC98CE82-27EC-457E-8BEC-0E2BF82F6B15}.Debug|Any CPU.ActiveCfg = Debug|Any CPU
		{EC98CE82-27EC-457E-8BEC-0E2BF82F6B15}.Debug|Any CPU.Build.0 = Debug|Any CPU
		{EC98CE82-27EC-457E-8BEC-0E2BF82F6B15}.Release|Any CPU.ActiveCfg = Release|Any CPU
		{EC98CE82-27EC-457E-8BEC-0E2BF82F6B15}.Release|Any CPU.Build.0 = Release|Any CPU
	EndGlobalSection
	GlobalSection(SolutionProperties) = preSolution
		HideSolutionNode = FALSE
	EndGlobalSection
	GlobalSection(ExtensibilityGlobals) = postSolution
		SolutionGuid = {1590D238-E45B-41EB-A3E7-F57EB75488EC}
	EndGlobalSection
EndGlobal
